{
  "name": "@dotareio/test-npm-package",
  "version": "1.0.0",
  "lockfileVersion": 2,
  "requires": true,
  "packages": {
    "": {
      "name": "@dotareio/test-npm-package",
      "version": "1.0.0",
      "license": "ISC",
      "dependencies": {
        "@dcspark/cardano-multiplatform-lib-nodejs": "^3.1.1"
      }
    },
    "node_modules/@dcspark/cardano-multiplatform-lib-nodejs": {
      "version": "3.1.1",
      "resolved": "https://registry.npmjs.org/@dcspark/cardano-multiplatform-lib-nodejs/-/cardano-multiplatform-lib-nodejs-3.1.1.tgz",
      "integrity": "sha512-U2RVfCqCzXAY3YeEClq6XQEAnI0Uca9mdslqwtYFzmO6SeHhQZGC+4P8TheRhyg0omdv5HdthJcwa6PRSFbCwQ=="
    }
  },
  "dependencies": {
    "@dcspark/cardano-multiplatform-lib-nodejs": {
      "version": "3.1.1",
      "resolved": "https://registry.npmjs.org/@dcspark/cardano-multiplatform-lib-nodejs/-/cardano-multiplatform-lib-nodejs-3.1.1.tgz",
      "integrity": "sha512-U2RVfCqCzXAY3YeEClq6XQEAnI0Uca9mdslqwtYFzmO6SeHhQZGC+4P8TheRhyg0omdv5HdthJcwa6PRSFbCwQ=="
    }
  }
}
